
Microsoft Visual Studio Solution File, Format Version 12.00
# Visual Studio 15
VisualStudioVersion = 15.0.26730.16
MinimumVisualStudioVersion = 10.0.40219.1
Project("{FAE04EC0-301F-11D3-BF4B-00C04F79EFBC}") = "FirstWebASPNETMVCApplication", "FirstWebASPNETMVCApplication\FirstWebASPNETMVCApplication.csproj", "{3B06F1EC-4EAC-448E-AC2D-FF82FE43B1A0}"
EndProject
Global
	GlobalSection(SolutionConfigurationPlatforms) = preSolution
		Debug|Any CPU = Debug|Any CPU
		Release|Any CPU = Release|Any CPU
	EndGlobalSection
	GlobalSection(ProjectConfigurationPlatforms) = postSolution
		{3B06F1EC-4EAC-448E-AC2D-FF82FE43B1A0}.Debug|Any CPU.ActiveCfg = Debug|Any CPU
		{3B06F1EC-4EAC-448E-AC2D-FF82FE43B1A0}.Debug|Any CPU.Build.0 = Debug|Any CPU
		{3B06F1EC-4EAC-448E-AC2D-FF82FE43B1A0}.Release|Any CPU.ActiveCfg = Release|Any CPU
		{3B06F1EC-4EAC-448E-AC2D-FF82FE43B1A0}.Release|Any CPU.Build.0 = Release|Any CPU
	EndGlobalSection
	GlobalSection(SolutionProperties) = preSolution
		HideSolutionNode = FALSE
	EndGlobalSection
	GlobalSection(ExtensibilityGlobals) = postSolution
		SolutionGuid = {07D51B86-B8A8-4CBC-B0D7-B96A11A7A57A}
	EndGlobalSection
EndGlobal
